<Solution>
  <Folder Name="/src/">
    <Project Path="src/Ticketing.Api/Ticketing.Api.csproj" />
    <Project Path="src/Ticketing.Application/Ticketing.Application.csproj" />
    <Project Path="src/Ticketing.Domain/Ticketing.Domain.csproj" />
    <Project Path="src/Ticketing.Infrastructure/Ticketing.Infrastructure.csproj" />
  </Folder>
  <Folder Name="/tests/">
    <Project Path="tests/Ticketing.Api.Tests/Ticketing.Api.Tests.csproj" />
    <Project Path="tests/Ticketing.Application.Tests/Ticketing.Application.Tests.csproj" />
    <Project Path="tests/Ticketing.Domain.Tests/Ticketing.Domain.Tests.csproj" />
  </Folder>
</Solution>
